
Microsoft Visual Studio Solution File, Format Version 12.00
# Visual Studio Version 17
VisualStudioVersion = 17.9.34701.34
MinimumVisualStudioVersion = 10.0.40219.1
Project("{FAE04EC0-301F-11D3-BF4B-00C04F79EFBC}") = "ProniaAb106", "ProniaAb106\ProniaAb106.csproj", "{6F56B346-CCEB-4EA7-AB6A-9DA381A5EBF9}"
EndProject
Global
	GlobalSection(SolutionConfigurationPlatforms) = preSolution
		Debug|Any CPU = Debug|Any CPU
		Release|Any CPU = Release|Any CPU
	EndGlobalSection
	GlobalSection(ProjectConfigurationPlatforms) = postSolution
		{6F56B346-CCEB-4EA7-AB6A-9DA381A5EBF9}.Debug|Any CPU.ActiveCfg = Debug|Any CPU
		{6F56B346-CCEB-4EA7-AB6A-9DA381A5EBF9}.Debug|Any CPU.Build.0 = Debug|Any CPU
		{6F56B346-CCEB-4EA7-AB6A-9DA381A5EBF9}.Release|Any CPU.ActiveCfg = Release|Any CPU
		{6F56B346-CCEB-4EA7-AB6A-9DA381A5EBF9}.Release|Any CPU.Build.0 = Release|Any CPU
	EndGlobalSection
	GlobalSection(SolutionProperties) = preSolution
		HideSolutionNode = FALSE
	EndGlobalSection
	GlobalSection(ExtensibilityGlobals) = postSolution
		SolutionGuid = {7B589C6F-623F-4E93-BCD7-D8798B8FC13C}
	EndGlobalSection
EndGlobal
